
Microsoft Visual Studio Solution File, Format Version 12.00
# Visual Studio Version 17
VisualStudioVersion = 17.0.32014.148
MinimumVisualStudioVersion = 10.0.40219.1
Project("{FAE04EC0-301F-11D3-BF4B-00C04F79EFBC}") = "CalculadoraCompleta", "CalculadoraCompleta\CalculadoraCompleta.csproj", "{550C5867-F8E0-4B14-958E-4000B6D013AE}"
EndProject
Global
	GlobalSection(SolutionConfigurationPlatforms) = preSolution
		Debug|Any CPU = Debug|Any CPU
		Release|Any CPU = Release|Any CPU
	EndGlobalSection
	GlobalSection(ProjectConfigurationPlatforms) = postSolution
		{550C5867-F8E0-4B14-958E-4000B6D013AE}.Debug|Any CPU.ActiveCfg = Debug|Any CPU
		{550C5867-F8E0-4B14-958E-4000B6D013AE}.Debug|Any CPU.Build.0 = Debug|Any CPU
		{550C5867-F8E0-4B14-958E-4000B6D013AE}.Release|Any CPU.ActiveCfg = Release|Any CPU
		{550C5867-F8E0-4B14-958E-4000B6D013AE}.Release|Any CPU.Build.0 = Release|Any CPU
	EndGlobalSection
	GlobalSection(SolutionProperties) = preSolution
		HideSolutionNode = FALSE
	EndGlobalSection
	GlobalSection(ExtensibilityGlobals) = postSolution
		SolutionGuid = {7B9EB365-D1CD-478C-BB86-48574144B7E1}
	EndGlobalSection
EndGlobal
